
Microsoft Visual Studio Solution File, Format Version 12.00
# Visual Studio 15
VisualStudioVersion = 15.0.27428.2037
MinimumVisualStudioVersion = 10.0.40219.1
Project("{FAE04EC0-301F-11D3-BF4B-00C04F79EFBC}") = "Frei.Marcos.TRE", "Frei.Marcos.TRE\Frei.Marcos.TRE.csproj", "{8B6850A6-3403-4461-B2A9-13E89C83ABF5}"
EndProject
Global
	GlobalSection(SolutionConfigurationPlatforms) = preSolution
		Debug|Any CPU = Debug|Any CPU
		Release|Any CPU = Release|Any CPU
	EndGlobalSection
	GlobalSection(ProjectConfigurationPlatforms) = postSolution
		{8B6850A6-3403-4461-B2A9-13E89C83ABF5}.Debug|Any CPU.ActiveCfg = Debug|Any CPU
		{8B6850A6-3403-4461-B2A9-13E89C83ABF5}.Debug|Any CPU.Build.0 = Debug|Any CPU
		{8B6850A6-3403-4461-B2A9-13E89C83ABF5}.Release|Any CPU.ActiveCfg = Release|Any CPU
		{8B6850A6-3403-4461-B2A9-13E89C83ABF5}.Release|Any CPU.Build.0 = Release|Any CPU
	EndGlobalSection
	GlobalSection(SolutionProperties) = preSolution
		HideSolutionNode = FALSE
	EndGlobalSection
	GlobalSection(ExtensibilityGlobals) = postSolution
		SolutionGuid = {00A156CC-542B-4417-AC63-716D8E4909FE}
	EndGlobalSection
EndGlobal
